{
  "nodes": {
    "intrinsics": {
      "locked": {
        "lastModified": 1671054550,
        "narHash": "sha256-TvoK5trlSj0C4NcXSse/lwTvUYephDPYcpGnhxyiCbA=",
        "owner": "sivizius",
        "repo": "nix-intrinsics",
        "rev": "d9797abb5c1f046bbfd7a6e2618b5b9497ea3152",
        "type": "github"
      },
      "original": {
        "owner": "sivizius",
        "ref": "development",
        "repo": "nix-intrinsics",
        "type": "github"
      }
    },
    "root": {
      "inputs": {
        "intrinsics": "intrinsics"
      }
    }
  },
  "root": "root",
  "version": 7
}
